
Microsoft Visual Studio Solution File, Format Version 12.00
# Visual Studio 15
VisualStudioVersion = 15.0.28307.438
MinimumVisualStudioVersion = 10.0.40219.1
Project("{FAE04EC0-301F-11D3-BF4B-00C04F79EFBC}") = "PomiDone", "PomiDone\PomiDone.csproj", "{8A22B5A6-2D85-4664-9911-5B81417E0011}"
EndProject
Project("{9A19103F-16F7-4668-BE54-9A1E7A4F7556}") = "PomiDone.Core", "PomiDone.Core\PomiDone.Core.csproj", "{0AE117D7-961B-4749-97AC-A7E84BA37D25}"
EndProject
Global
	GlobalSection(SolutionConfigurationPlatforms) = preSolution
		Debug|Any CPU = Debug|Any CPU
		Debug|ARM = Debug|ARM
		Debug|x64 = Debug|x64
		Debug|x86 = Debug|x86
		Release|Any CPU = Release|Any CPU
		Release|ARM = Release|ARM
		Release|x64 = Release|x64
		Release|x86 = Release|x86
	EndGlobalSection
	GlobalSection(ProjectConfigurationPlatforms) = postSolution
		{8A22B5A6-2D85-4664-9911-5B81417E0011}.Debug|Any CPU.ActiveCfg = Debug|x86
		{8A22B5A6-2D85-4664-9911-5B81417E0011}.Debug|ARM.ActiveCfg = Debug|ARM
		{8A22B5A6-2D85-4664-9911-5B81417E0011}.Debug|ARM.Build.0 = Debug|ARM
		{8A22B5A6-2D85-4664-9911-5B81417E0011}.Debug|ARM.Deploy.0 = Debug|ARM
		{8A22B5A6-2D85-4664-9911-5B81417E0011}.Debug|x64.ActiveCfg = Debug|x64
		{8A22B5A6-2D85-4664-9911-5B81417E0011}.Debug|x64.Build.0 = Debug|x64
		{8A22B5A6-2D85-4664-9911-5B81417E0011}.Debug|x64.Deploy.0 = Debug|x64
		{8A22B5A6-2D85-4664-9911-5B81417E0011}.Debug|x86.ActiveCfg = Debug|x86
		{8A22B5A6-2D85-4664-9911-5B81417E0011}.Debug|x86.Build.0 = Debug|x86
		{8A22B5A6-2D85-4664-9911-5B81417E0011}.Debug|x86.Deploy.0 = Debug|x86
		{8A22B5A6-2D85-4664-9911-5B81417E0011}.Release|Any CPU.ActiveCfg = Release|x86
		{8A22B5A6-2D85-4664-9911-5B81417E0011}.Release|ARM.ActiveCfg = Release|ARM
		{8A22B5A6-2D85-4664-9911-5B81417E0011}.Release|ARM.Build.0 = Release|ARM
		{8A22B5A6-2D85-4664-9911-5B81417E0011}.Release|ARM.Deploy.0 = Release|ARM
		{8A22B5A6-2D85-4664-9911-5B81417E0011}.Release|x64.ActiveCfg = Release|x64
		{8A22B5A6-2D85-4664-9911-5B81417E0011}.Release|x64.Build.0 = Release|x64
		{8A22B5A6-2D85-4664-9911-5B81417E0011}.Release|x64.Deploy.0 = Release|x64
		{8A22B5A6-2D85-4664-9911-5B81417E0011}.Release|x86.ActiveCfg = Release|x86
		{8A22B5A6-2D85-4664-9911-5B81417E0011}.Release|x86.Build.0 = Release|x86
		{8A22B5A6-2D85-4664-9911-5B81417E0011}.Release|x86.Deploy.0 = Release|x86
		{0AE117D7-961B-4749-97AC-A7E84BA37D25}.Debug|Any CPU.ActiveCfg = Debug|Any CPU
		{0AE117D7-961B-4749-97AC-A7E84BA37D25}.Debug|Any CPU.Build.0 = Debug|Any CPU
		{0AE117D7-961B-4749-97AC-A7E84BA37D25}.Debug|ARM.ActiveCfg = Debug|Any CPU
		{0AE117D7-961B-4749-97AC-A7E84BA37D25}.Debug|ARM.Build.0 = Debug|Any CPU
		{0AE117D7-961B-4749-97AC-A7E84BA37D25}.Debug|x64.ActiveCfg = Debug|Any CPU
		{0AE117D7-961B-4749-97AC-A7E84BA37D25}.Debug|x64.Build.0 = Debug|Any CPU
		{0AE117D7-961B-4749-97AC-A7E84BA37D25}.Debug|x86.ActiveCfg = Debug|Any CPU
		{0AE117D7-961B-4749-97AC-A7E84BA37D25}.Debug|x86.Build.0 = Debug|Any CPU
		{0AE117D7-961B-4749-97AC-A7E84BA37D25}.Release|Any CPU.ActiveCfg = Release|Any CPU
		{0AE117D7-961B-4749-97AC-A7E84BA37D25}.Release|Any CPU.Build.0 = Release|Any CPU
		{0AE117D7-961B-4749-97AC-A7E84BA37D25}.Release|ARM.ActiveCfg = Release|Any CPU
		{0AE117D7-961B-4749-97AC-A7E84BA37D25}.Release|ARM.Build.0 = Release|Any CPU
		{0AE117D7-961B-4749-97AC-A7E84BA37D25}.Release|x64.ActiveCfg = Release|Any CPU
		{0AE117D7-961B-4749-97AC-A7E84BA37D25}.Release|x64.Build.0 = Release|Any CPU
		{0AE117D7-961B-4749-97AC-A7E84BA37D25}.Release|x86.ActiveCfg = Release|Any CPU
		{0AE117D7-961B-4749-97AC-A7E84BA37D25}.Release|x86.Build.0 = Release|Any CPU
	EndGlobalSection
	GlobalSection(SolutionProperties) = preSolution
		HideSolutionNode = FALSE
	EndGlobalSection
	GlobalSection(ExtensibilityGlobals) = postSolution
		SolutionGuid = {FD2DD403-97CC-4969-AED2-BA67D6C6ADD0}
	EndGlobalSection
EndGlobal
